{
  "version": "5",
  "specifiers": {
    "jsr:@std/assert@1": "1.0.19",
    "jsr:@std/internal@^1.0.12": "1.0.12",
    "npm:create-tsdown@*": "0.20.3"
  },
  "jsr": {
    "@std/assert@1.0.19": {
      "integrity": "eaada96ee120cb980bc47e040f82814d786fe8162ecc53c91d8df60b8755991e",
      "dependencies": [
        "jsr:@std/internal"
      ]
    },
    "@std/internal@1.0.12": {
      "integrity": "972a634fd5bc34b242024402972cd5143eac68d8dffaca5eaa4dba30ce17b027"
    }
  },
  "npm": {
    "@clack/core@1.0.1": {
      "integrity": "sha512-WKeyK3NOBwDOzagPR5H08rFk9D/WuN705yEbuZvKqlkmoLM2woKtXb10OO2k1NoSU4SFG947i2/SCYh+2u5e4g==",
      "dependencies": [
        "picocolors",
        "sisteransi"
      ]
    },
    "@clack/prompts@1.0.1": {
      "integrity": "sha512-/42G73JkuYdyWZ6m8d/CJtBrGl1Hegyc7Fy78m5Ob+jF85TOUmLR5XLce/U3LxYAw0kJ8CT5aI99RIvPHcGp/Q==",
      "dependencies": [
        "@clack/core",
        "picocolors",
        "sisteransi"
      ]
    },
    "cac@6.7.14": {
      "integrity": "sha512-b6Ilus+c3RrdDk+JhLKUAQfzzgLEPy6wcXqS7f/xe1EETvsDP6GORG7SFuOs6cID5YkqchW/LXZbX5bc8j7ZcQ=="
    },
    "create-tsdown@0.20.3": {
      "integrity": "sha512-kXyPc04xEdorNG+ucJnx5BSOJ66BRXJeh08NDycAFQbHB66fmNnen7oMRQ+ajWJDYKxKlsYMMh5ohBwMiWI6LA==",
      "dependencies": [
        "@clack/prompts",
        "cac",
        "giget",
        "package-manager-detector"
      ],
      "bin": true
    },
    "giget@3.1.2": {
      "integrity": "sha512-T2qUpKBHeUTwHcIhydgnJzhL0Hj785ms+JkxaaWQH9SDM/llXeewnOkfJcFShAHjWI+26hOChwUfCoupaXLm8g==",
      "bin": true
    },
    "package-manager-detector@1.6.0": {
      "integrity": "sha512-61A5ThoTiDG/C8s8UMZwSorAGwMJ0ERVGj2OjoW5pAalsNOg15+iQiPzrLJ4jhZ1HJzmC2PIHT2oEiH3R5fzNA=="
    },
    "picocolors@1.1.1": {
      "integrity": "sha512-xceH2snhtb5M9liqDsmEw56le376mTZkEX/jEb/RxNFyegNul7eNslCXP9FDj/Lcu0X8KEyMceP2ntpaHrDEVA=="
    },
    "sisteransi@1.0.5": {
      "integrity": "sha512-bLGGlR1QxBcynn2d5YmDX4MGjlZvy2MRBDRNHLJ8VI6l6+9FUiyTFNJ0IveOSP0bcXgVDPRcfGqA0pjaqUpfVg=="
    }
  },
  "workspace": {
    "dependencies": [
      "jsr:@std/assert@1"
    ]
  }
}
